{
  "name": "chrome_extension",
  "lockfileVersion": 3,
  "requires": true,
  "packages": {
    "": {
      "dependencies": {
        "notifyjs": "^3.0.0"
      }
    },
    "node_modules/notifyjs": {
      "version": "3.0.0",
      "resolved": "https://registry.npmjs.org/notifyjs/-/notifyjs-3.0.0.tgz",
      "integrity": "sha512-N3OZt+DsTClAG9DiWrbWBGlsDpDrc50F1qQ+iFl3DBeQg7W7nS4vXmD8WQrGK13RGRyXOGlqsDIenTbK6EJw7A=="
    }
  }
}
